// !$*UTF8*$!
{
	archiveVersion = 1;
	classes = {
	};
	objectVersion = 46;
	objects = {

/* Begin PBXBuildFile section */
		891B81B11CC78D4B002B9E6B /* main.m in Sources */ = {isa = PBXBuildFile; fileRef = 891B81B01CC78D4B002B9E6B /* main.m */; };
		891B81B41CC78D4B002B9E6B /* AppDelegate.m in Sources */ = {isa = PBXBuildFile; fileRef = 891B81B31CC78D4B002B9E6B /* AppDelegate.m */; };
		891B81BA1CC78D4B002B9E6B /* Main.storyboard in Resources */ = {isa = PBXBuildFile; fileRef = 891B81B81CC78D4B002B9E6B /* Main.storyboard */; };
		891B81BD1CC78D4B002B9E6B /* simple_vocabulary.xcdatamodeld in Sources */ = {isa = PBXBuildFile; fileRef = 891B81BB1CC78D4B002B9E6B /* simple_vocabulary.xcdatamodeld */; };
		891B81BF1CC78D4B002B9E6B /* Assets.xcassets in Resources */ = {isa = PBXBuildFile; fileRef = 891B81BE1CC78D4B002B9E6B /* Assets.xcassets */; };
		89ED37F01CCBC79E00BC1954 /* SVWordCell.m in Sources */ = {isa = PBXBuildFile; fileRef = 89ED37EF1CCBC79E00BC1954 /* SVWordCell.m */; };
		89ED37F41CCBCC8100BC1954 /* SVNavigationController.m in Sources */ = {isa = PBXBuildFile; fileRef = 89ED37F31CCBCC8100BC1954 /* SVNavigationController.m */; };
		89ED37F71CCBCCA000BC1954 /* SVMainVocabularyViewController.m in Sources */ = {isa = PBXBuildFile; fileRef = 89ED37F61CCBCCA000BC1954 /* SVMainVocabularyViewController.m */; };
		89ED37FA1CCBCCA700BC1954 /* SVWordDetailsSceneViewController.m in Sources */ = {isa = PBXBuildFile; fileRef = 89ED37F91CCBCCA700BC1954 /* SVWordDetailsSceneViewController.m */; };
		EEC4173C1C35ED6A824992CE /* libPods-simple_vocabulary.a in Frameworks */ = {isa = PBXBuildFile; fileRef = A6C7BD81AE515E80FFCEACD4 /* libPods-simple_vocabulary.a */; };
/* End PBXBuildFile section */

/* Begin PBXFileReference section */
		293A70C987BD844706F87275 /* Pods-simple_vocabulary.release.xcconfig */ = {isa = PBXFileReference; includeInIndex = 1; lastKnownFileType = text.xcconfig; name = "Pods-simple_vocabulary.release.xcconfig"; path = "Pods/Target Support Files/Pods-simple_vocabulary/Pods-simple_vocabulary.release.xcconfig"; sourceTree = "<group>"; };
		891B81AC1CC78D4B002B9E6B /* simple_vocabulary.app */ = {isa = PBXFileReference; explicitFileType = wrapper.application; includeInIndex = 0; path = simple_vocabulary.app; sourceTree = BUILT_PRODUCTS_DIR; };
		891B81B01CC78D4B002B9E6B /* main.m */ = {isa = PBXFileReference; lastKnownFileType = sourcecode.c.objc; path = main.m; sourceTree = "<group>"; };
		891B81B21CC78D4B002B9E6B /* AppDelegate.h */ = {isa = PBXFileReference; lastKnownFileType = sourcecode.c.h; path = AppDelegate.h; sourceTree = "<group>"; };
		891B81B31CC78D4B002B9E6B /* AppDelegate.m */ = {isa = PBXFileReference; lastKnownFileType = sourcecode.c.objc; path = AppDelegate.m; sourceTree = "<group>"; };
		891B81B91CC78D4B002B9E6B /* Base */ = {isa = PBXFileReference; lastKnownFileType = file.storyboard; name = Base; path = Base.lproj/Main.storyboard; sourceTree = "<group>"; };
		891B81BC1CC78D4B002B9E6B /* simple_vocabulary.xcdatamodel */ = {isa = PBXFileReference; lastKnownFileType = wrapper.xcdatamodel; path = simple_vocabulary.xcdatamodel; sourceTree = "<group>"; };
		891B81BE1CC78D4B002B9E6B /* Assets.xcassets */ = {isa = PBXFileReference; lastKnownFileType = folder.assetcatalog; path = Assets.xcassets; sourceTree = "<group>"; };
		891B81C31CC78D4B002B9E6B /* Info.plist */ = {isa = PBXFileReference; lastKnownFileType = text.plist.xml; path = Info.plist; sourceTree = "<group>"; };
		89ED37E11CCBBEEF00BC1954 /* simple_vocabulary-Prefix.pch */ = {isa = PBXFileReference; fileEncoding = 4; lastKnownFileType = sourcecode.c.h; path = "simple_vocabulary-Prefix.pch"; sourceTree = "<group>"; };
		89ED37EE1CCBC79E00BC1954 /* SVWordCell.h */ = {isa = PBXFileReference; fileEncoding = 4; lastKnownFileType = sourcecode.c.h; name = SVWordCell.h; path = View/SVWordCell.h; sourceTree = "<group>"; };
		89ED37EF1CCBC79E00BC1954 /* SVWordCell.m */ = {isa = PBXFileReference; fileEncoding = 4; lastKnownFileType = sourcecode.c.objc; name = SVWordCell.m; path = View/SVWordCell.m; sourceTree = "<group>"; };
		89ED37F21CCBCC8100BC1954 /* SVNavigationController.h */ = {isa = PBXFileReference; fileEncoding = 4; lastKnownFileType = sourcecode.c.h; name = SVNavigationController.h; path = Controller/SVNavigationController.h; sourceTree = "<group>"; };
		89ED37F31CCBCC8100BC1954 /* SVNavigationController.m */ = {isa = PBXFileReference; fileEncoding = 4; lastKnownFileType = sourcecode.c.objc; name = SVNavigationController.m; path = Controller/SVNavigationController.m; sourceTree = "<group>"; };
		89ED37F51CCBCCA000BC1954 /* SVMainVocabularyViewController.h */ = {isa = PBXFileReference; fileEncoding = 4; lastKnownFileType = sourcecode.c.h; name = SVMainVocabularyViewController.h; path = Controller/SVMainVocabularyViewController.h; sourceTree = "<group>"; };
		89ED37F61CCBCCA000BC1954 /* SVMainVocabularyViewController.m */ = {isa = PBXFileReference; fileEncoding = 4; lastKnownFileType = sourcecode.c.objc; name = SVMainVocabularyViewController.m; path = Controller/SVMainVocabularyViewController.m; sourceTree = "<group>"; };
		89ED37F81CCBCCA700BC1954 /* SVWordDetailsSceneViewController.h */ = {isa = PBXFileReference; fileEncoding = 4; lastKnownFileType = sourcecode.c.h; name = SVWordDetailsSceneViewController.h; path = Controller/SVWordDetailsSceneViewController.h; sourceTree = "<group>"; };
		89ED37F91CCBCCA700BC1954 /* SVWordDetailsSceneViewController.m */ = {isa = PBXFileReference; fileEncoding = 4; lastKnownFileType = sourcecode.c.objc; name = SVWordDetailsSceneViewController.m; path = Controller/SVWordDetailsSceneViewController.m; sourceTree = "<group>"; };
		8B0BEB00EF928889CF8A1D8D /* Pods-simple_vocabulary.debug.xcconfig */ = {isa = PBXFileReference; includeInIndex = 1; lastKnownFileType = text.xcconfig; name = "Pods-simple_vocabulary.debug.xcconfig"; path = "Pods/Target Support Files/Pods-simple_vocabulary/Pods-simple_vocabulary.debug.xcconfig"; sourceTree = "<group>"; };
		A6C7BD81AE515E80FFCEACD4 /* libPods-simple_vocabulary.a */ = {isa = PBXFileReference; explicitFileType = archive.ar; includeInIndex = 0; path = "libPods-simple_vocabulary.a"; sourceTree = BUILT_PRODUCTS_DIR; };
/* End PBXFileReference section */

/* Begin PBXFrameworksBuildPhase section */
		891B81A91CC78D4B002B9E6B /* Frameworks */ = {
			isa = PBXFrameworksBuildPhase;
			buildActionMask = 2147483647;
			files = (
				EEC4173C1C35ED6A824992CE /* libPods-simple_vocabulary.a in Frameworks */,
			);
			runOnlyForDeploymentPostprocessing = 0;
		};
/* End PBXFrameworksBuildPhase section */

/* Begin PBXGroup section */
		891B81A31CC78D4B002B9E6B = {
			isa = PBXGroup;
			children = (
				891B81AE1CC78D4B002B9E6B /* simple_vocabulary */,
				891B81AD1CC78D4B002B9E6B /* Products */,
				E4423709391401AB4E870BD2 /* Pods */,
				A32A5AB9156517806B93557B /* Frameworks */,
			);
			sourceTree = "<group>";
		};
		891B81AD1CC78D4B002B9E6B /* Products */ = {
			isa = PBXGroup;
			children = (
				891B81AC1CC78D4B002B9E6B /* simple_vocabulary.app */,
			);
			name = Products;
			sourceTree = "<group>";
		};
		891B81AE1CC78D4B002B9E6B /* simple_vocabulary */ = {
			isa = PBXGroup;
			children = (
				89ED37E21CCBC0B100BC1954 /* Model */,
				89ED37E31CCBC0B400BC1954 /* View */,
				89ED37E41CCBC0B700BC1954 /* Controller */,
				891B81B21CC78D4B002B9E6B /* AppDelegate.h */,
				891B81B31CC78D4B002B9E6B /* AppDelegate.m */,
				891B81BE1CC78D4B002B9E6B /* Assets.xcassets */,
				891B81C31CC78D4B002B9E6B /* Info.plist */,
				891B81BB1CC78D4B002B9E6B /* simple_vocabulary.xcdatamodeld */,
				891B81AF1CC78D4B002B9E6B /* Supporting Files */,
			);
			path = simple_vocabulary;
			sourceTree = "<group>";
		};
		891B81AF1CC78D4B002B9E6B /* Supporting Files */ = {
			isa = PBXGroup;
			children = (
				891B81B01CC78D4B002B9E6B /* main.m */,
				89ED37E11CCBBEEF00BC1954 /* simple_vocabulary-Prefix.pch */,
			);
			name = "Supporting Files";
			sourceTree = "<group>";
		};
		89ED37E21CCBC0B100BC1954 /* Model */ = {
			isa = PBXGroup;
			children = (
			);
			name = Model;
			sourceTree = "<group>";
		};
		89ED37E31CCBC0B400BC1954 /* View */ = {
			isa = PBXGroup;
			children = (
				891B81B81CC78D4B002B9E6B /* Main.storyboard */,
				89ED37EE1CCBC79E00BC1954 /* SVWordCell.h */,
				89ED37EF1CCBC79E00BC1954 /* SVWordCell.m */,
			);
			name = View;
			sourceTree = "<group>";
		};
		89ED37E41CCBC0B700BC1954 /* Controller */ = {
			isa = PBXGroup;
			children = (
				89ED37F11CCBCC5C00BC1954 /* Custom Navigation Controller */,
				89ED37E61CCBC5C000BC1954 /* Main Vocabulary Scene */,
				89ED37E71CCBC5C900BC1954 /* Word Details Scene */,
			);
			name = Controller;
			sourceTree = "<group>";
		};
		89ED37E61CCBC5C000BC1954 /* Main Vocabulary Scene */ = {
			isa = PBXGroup;
			children = (
				89ED37F51CCBCCA000BC1954 /* SVMainVocabularyViewController.h */,
				89ED37F61CCBCCA000BC1954 /* SVMainVocabularyViewController.m */,
			);
			name = "Main Vocabulary Scene";
			sourceTree = "<group>";
		};
		89ED37E71CCBC5C900BC1954 /* Word Details Scene */ = {
			isa = PBXGroup;
			children = (
				89ED37F81CCBCCA700BC1954 /* SVWordDetailsSceneViewController.h */,
				89ED37F91CCBCCA700BC1954 /* SVWordDetailsSceneViewController.m */,
			);
			name = "Word Details Scene";
			sourceTree = "<group>";
		};
		89ED37F11CCBCC5C00BC1954 /* Custom Navigation Controller */ = {
			isa = PBXGroup;
			children = (
				89ED37F21CCBCC8100BC1954 /* SVNavigationController.h */,
				89ED37F31CCBCC8100BC1954 /* SVNavigationController.m */,
			);
			name = "Custom Navigation Controller";
			sourceTree = "<group>";
		};
		A32A5AB9156517806B93557B /* Frameworks */ = {
			isa = PBXGroup;
			children = (
				A6C7BD81AE515E80FFCEACD4 /* libPods-simple_vocabulary.a */,
			);
			name = Frameworks;
			sourceTree = "<group>";
		};
		E4423709391401AB4E870BD2 /* Pods */ = {
			isa = PBXGroup;
			children = (
				8B0BEB00EF928889CF8A1D8D /* Pods-simple_vocabulary.debug.xcconfig */,
				293A70C987BD844706F87275 /* Pods-simple_vocabulary.release.xcconfig */,
			);
			name = Pods;
			sourceTree = "<group>";
		};
/* End PBXGroup section */

/* Begin PBXNativeTarget section */
		891B81AB1CC78D4B002B9E6B /* simple_vocabulary */ = {
			isa = PBXNativeTarget;
			buildConfigurationList = 891B81C61CC78D4B002B9E6B /* Build configuration list for PBXNativeTarget "simple_vocabulary" */;
			buildPhases = (
				6C3E0B91B16B655E9AAF677D /* Check Pods Manifest.lock */,
				891B81A81CC78D4B002B9E6B /* Sources */,
				891B81A91CC78D4B002B9E6B /* Frameworks */,
				891B81AA1CC78D4B002B9E6B /* Resources */,
				20B289F009AAFAB78BB09955 /* Embed Pods Frameworks */,
				6FD4EE0BE490BCFDE422C563 /* Copy Pods Resources */,
			);
			buildRules = (
			);
			dependencies = (
			);
			name = simple_vocabulary;
			productName = simple_vocabulary;
			productReference = 891B81AC1CC78D4B002B9E6B /* simple_vocabulary.app */;
			productType = "com.apple.product-type.application";
		};
/* End PBXNativeTarget section */

/* Begin PBXProject section */
		891B81A41CC78D4B002B9E6B /* Project object */ = {
			isa = PBXProject;
			attributes = {
				LastUpgradeCheck = 0730;
				ORGANIZATIONNAME = "Aleksandr Ivashchenko";
				TargetAttributes = {
					891B81AB1CC78D4B002B9E6B = {
						CreatedOnToolsVersion = 7.3;
						DevelopmentTeam = 48ETW79YVL;
					};
				};
			};
			buildConfigurationList = 891B81A71CC78D4B002B9E6B /* Build configuration list for PBXProject "simple_vocabulary" */;
			compatibilityVersion = "Xcode 3.2";
			developmentRegion = English;
			hasScannedForEncodings = 0;
			knownRegions = (
				en,
				Base,
			);
			mainGroup = 891B81A31CC78D4B002B9E6B;
			productRefGroup = 891B81AD1CC78D4B002B9E6B /* Products */;
			projectDirPath = "";
			projectRoot = "";
			targets = (
				891B81AB1CC78D4B002B9E6B /* simple_vocabulary */,
			);
		};
/* End PBXProject section */

/* Begin PBXResourcesBuildPhase section */
		891B81AA1CC78D4B002B9E6B /* Resources */ = {
			isa = PBXResourcesBuildPhase;
			buildActionMask = 2147483647;
			files = (
				891B81BF1CC78D4B002B9E6B /* Assets.xcassets in Resources */,
				891B81BA1CC78D4B002B9E6B /* Main.storyboard in Resources */,
			);
			runOnlyForDeploymentPostprocessing = 0;
		};
/* End PBXResourcesBuildPhase section */

/* Begin PBXShellScriptBuildPhase section */
		20B289F009AAFAB78BB09955 /* Embed Pods Frameworks */ = {
			isa = PBXShellScriptBuildPhase;
			buildActionMask = 2147483647;
			files = (
			);
			inputPaths = (
			);
			name = "Embed Pods Frameworks";
			outputPaths = (
			);
			runOnlyForDeploymentPostprocessing = 0;
			shellPath = /bin/sh;
			shellScript = "\"${SRCROOT}/Pods/Target Support Files/Pods-simple_vocabulary/Pods-simple_vocabulary-frameworks.sh\"\n";
			showEnvVarsInLog = 0;
		};
		6C3E0B91B16B655E9AAF677D /* Check Pods Manifest.lock */ = {
			isa = PBXShellScriptBuildPhase;
			buildActionMask = 2147483647;
			files = (
			);
			inputPaths = (
			);
			name = "Check Pods Manifest.lock";
			outputPaths = (
			);
			runOnlyForDeploymentPostprocessing = 0;
			shellPath = /bin/sh;
			shellScript = "diff \"${PODS_ROOT}/../Podfile.lock\" \"${PODS_ROOT}/Manifest.lock\" > /dev/null\nif [[ $? != 0 ]] ; then\n    cat << EOM\nerror: The sandbox is not in sync with the Podfile.lock. Run 'pod install' or update your CocoaPods installation.\nEOM\n    exit 1\nfi\n";
			showEnvVarsInLog = 0;
		};
		6FD4EE0BE490BCFDE422C563 /* Copy Pods Resources */ = {
			isa = PBXShellScriptBuildPhase;
			buildActionMask = 2147483647;
			files = (
			);
			inputPaths = (
			);
			name = "Copy Pods Resources";
			outputPaths = (
			);
			runOnlyForDeploymentPostprocessing = 0;
			shellPath = /bin/sh;
			shellScript = "\"${SRCROOT}/Pods/Target Support Files/Pods-simple_vocabulary/Pods-simple_vocabulary-resources.sh\"\n";
			showEnvVarsInLog = 0;
		};
/* End PBXShellScriptBuildPhase section */

/* Begin PBXSourcesBuildPhase section */
		891B81A81CC78D4B002B9E6B /* Sources */ = {
			isa = PBXSourcesBuildPhase;
			buildActionMask = 2147483647;
			files = (
				89ED37F41CCBCC8100BC1954 /* SVNavigationController.m in Sources */,
				891B81B41CC78D4B002B9E6B /* AppDelegate.m in Sources */,
				89ED37FA1CCBCCA700BC1954 /* SVWordDetailsSceneViewController.m in Sources */,
				89ED37F71CCBCCA000BC1954 /* SVMainVocabularyViewController.m in Sources */,
				89ED37F01CCBC79E00BC1954 /* SVWordCell.m in Sources */,
				891B81B11CC78D4B002B9E6B /* main.m in Sources */,
				891B81BD1CC78D4B002B9E6B /* simple_vocabulary.xcdatamodeld in Sources */,
			);
			runOnlyForDeploymentPostprocessing = 0;
		};
/* End PBXSourcesBuildPhase section */

/* Begin PBXVariantGroup section */
		891B81B81CC78D4B002B9E6B /* Main.storyboard */ = {
			isa = PBXVariantGroup;
			children = (
				891B81B91CC78D4B002B9E6B /* Base */,
			);
			name = Main.storyboard;
			sourceTree = "<group>";
		};
/* End PBXVariantGroup section */

/* Begin XCBuildConfiguration section */
		891B81C41CC78D4B002B9E6B /* Debug */ = {
			isa = XCBuildConfiguration;
			buildSettings = {
				ALWAYS_SEARCH_USER_PATHS = NO;
				CLANG_ANALYZER_NONNULL = YES;
				CLANG_CXX_LANGUAGE_STANDARD = "gnu++0x";
				CLANG_CXX_LIBRARY = "libc++";
				CLANG_ENABLE_MODULES = YES;
				CLANG_ENABLE_OBJC_ARC = YES;
				CLANG_WARN_BOOL_CONVERSION = YES;
				CLANG_WARN_CONSTANT_CONVERSION = YES;
				CLANG_WARN_DIRECT_OBJC_ISA_USAGE = YES_ERROR;
				CLANG_WARN_EMPTY_BODY = YES;
				CLANG_WARN_ENUM_CONVERSION = YES;
				CLANG_WARN_INT_CONVERSION = YES;
				CLANG_WARN_OBJC_ROOT_CLASS = YES_ERROR;
				CLANG_WARN_UNREACHABLE_CODE = YES;
				CLANG_WARN__DUPLICATE_METHOD_MATCH = YES;
				"CODE_SIGN_IDENTITY[sdk=iphoneos*]" = "iPhone Developer";
				COPY_PHASE_STRIP = NO;
				DEBUG_INFORMATION_FORMAT = dwarf;
				ENABLE_STRICT_OBJC_MSGSEND = YES;
				ENABLE_TESTABILITY = YES;
				GCC_C_LANGUAGE_STANDARD = gnu99;
				GCC_DYNAMIC_NO_PIC = NO;
				GCC_NO_COMMON_BLOCKS = YES;
				GCC_OPTIMIZATION_LEVEL = 0;
				GCC_PREPROCESSOR_DEFINITIONS = (
					"DEBUG=1",
					"$(inherited)",
				);
				GCC_WARN_64_TO_32_BIT_CONVERSION = YES;
				GCC_WARN_ABOUT_RETURN_TYPE = YES_ERROR;
				GCC_WARN_UNDECLARED_SELECTOR = YES;
				GCC_WARN_UNINITIALIZED_AUTOS = YES_AGGRESSIVE;
				GCC_WARN_UNUSED_FUNCTION = YES;
				GCC_WARN_UNUSED_VARIABLE = YES;
				IPHONEOS_DEPLOYMENT_TARGET = 9.3;
				MTL_ENABLE_DEBUG_INFO = YES;
				ONLY_ACTIVE_ARCH = YES;
				SDKROOT = iphoneos;
				TARGETED_DEVICE_FAMILY = "1,2";
			};
			name = Debug;
		};
		891B81C51CC78D4B002B9E6B /* Release */ = {
			isa = XCBuildConfiguration;
			buildSettings = {
				ALWAYS_SEARCH_USER_PATHS = NO;
				CLANG_ANALYZER_NONNULL = YES;
				CLANG_CXX_LANGUAGE_STANDARD = "gnu++0x";
				CLANG_CXX_LIBRARY = "libc++";
				CLANG_ENABLE_MODULES = YES;
				CLANG_ENABLE_OBJC_ARC = YES;
				CLANG_WARN_BOOL_CONVERSION = YES;
				CLANG_WARN_CONSTANT_CONVERSION = YES;
				CLANG_WARN_DIRECT_OBJC_ISA_USAGE = YES_ERROR;
				CLANG_WARN_EMPTY_BODY = YES;
				CLANG_WARN_ENUM_CONVERSION = YES;
				CLANG_WARN_INT_CONVERSION = YES;
				CLANG_WARN_OBJC_ROOT_CLASS = YES_ERROR;
				CLANG_WARN_UNREACHABLE_CODE = YES;
				CLANG_WARN__DUPLICATE_METHOD_MATCH = YES;
				"CODE_SIGN_IDENTITY[sdk=iphoneos*]" = "iPhone Developer";
				COPY_PHASE_STRIP = NO;
				DEBUG_INFORMATION_FORMAT = "dwarf-with-dsym";
				ENABLE_NS_ASSERTIONS = NO;
				ENABLE_STRICT_OBJC_MSGSEND = YES;
				GCC_C_LANGUAGE_STANDARD = gnu99;
				GCC_NO_COMMON_BLOCKS = YES;
				GCC_WARN_64_TO_32_BIT_CONVERSION = YES;
				GCC_WARN_ABOUT_RETURN_TYPE = YES_ERROR;
				GCC_WARN_UNDECLARED_SELECTOR = YES;
				GCC_WARN_UNINITIALIZED_AUTOS = YES_AGGRESSIVE;
				GCC_WARN_UNUSED_FUNCTION = YES;
				GCC_WARN_UNUSED_VARIABLE = YES;
				IPHONEOS_DEPLOYMENT_TARGET = 9.3;
				MTL_ENABLE_DEBUG_INFO = NO;
				SDKROOT = iphoneos;
				TARGETED_DEVICE_FAMILY = "1,2";
				VALIDATE_PRODUCT = YES;
			};
			name = Release;
		};
		891B81C71CC78D4B002B9E6B /* Debug */ = {
			isa = XCBuildConfiguration;
			baseConfigurationReference = 8B0BEB00EF928889CF8A1D8D /* Pods-simple_vocabulary.debug.xcconfig */;
			buildSettings = {
				ASSETCATALOG_COMPILER_APPICON_NAME = AppIcon;
				GCC_PRECOMPILE_PREFIX_HEADER = YES;
				GCC_PREFIX_HEADER = "simple_vocabulary/simple_vocabulary-Prefix.pch";
				INFOPLIST_FILE = simple_vocabulary/Info.plist;
				LD_RUNPATH_SEARCH_PATHS = "$(inherited) @executable_path/Frameworks";
				PRODUCT_BUNDLE_IDENTIFIER = "com.ivashchenko.simple-vocabulary";
				PRODUCT_NAME = "$(TARGET_NAME)";
			};
			name = Debug;
		};
		891B81C81CC78D4B002B9E6B /* Release */ = {
			isa = XCBuildConfiguration;
			baseConfigurationReference = 293A70C987BD844706F87275 /* Pods-simple_vocabulary.release.xcconfig */;
			buildSettings = {
				ASSETCATALOG_COMPILER_APPICON_NAME = AppIcon;
				GCC_PRECOMPILE_PREFIX_HEADER = YES;
				GCC_PREFIX_HEADER = "simple_vocabulary/simple_vocabulary-Prefix.pch";
				INFOPLIST_FILE = simple_vocabulary/Info.plist;
				LD_RUNPATH_SEARCH_PATHS = "$(inherited) @executable_path/Frameworks";
				PRODUCT_BUNDLE_IDENTIFIER = "com.ivashchenko.simple-vocabulary";
				PRODUCT_NAME = "$(TARGET_NAME)";
			};
			name = Release;
		};
/* End XCBuildConfiguration section */

/* Begin XCConfigurationList section */
		891B81A71CC78D4B002B9E6B /* Build configuration list for PBXProject "simple_vocabulary" */ = {
			isa = XCConfigurationList;
			buildConfigurations = (
				891B81C41CC78D4B002B9E6B /* Debug */,
				891B81C51CC78D4B002B9E6B /* Release */,
			);
			defaultConfigurationIsVisible = 0;
			defaultConfigurationName = Release;
		};
		891B81C61CC78D4B002B9E6B /* Build configuration list for PBXNativeTarget "simple_vocabulary" */ = {
			isa = XCConfigurationList;
			buildConfigurations = (
				891B81C71CC78D4B002B9E6B /* Debug */,
				891B81C81CC78D4B002B9E6B /* Release */,
			);
			defaultConfigurationIsVisible = 0;
			defaultConfigurationName = Release;
		};
/* End XCConfigurationList section */

/* Begin XCVersionGroup section */
		891B81BB1CC78D4B002B9E6B /* simple_vocabulary.xcdatamodeld */ = {
			isa = XCVersionGroup;
			children = (
				891B81BC1CC78D4B002B9E6B /* simple_vocabulary.xcdatamodel */,
			);
			currentVersion = 891B81BC1CC78D4B002B9E6B /* simple_vocabulary.xcdatamodel */;
			path = simple_vocabulary.xcdatamodeld;
			sourceTree = "<group>";
			versionGroupType = wrapper.xcdatamodel;
		};
/* End XCVersionGroup section */
	};
	rootObject = 891B81A41CC78D4B002B9E6B /* Project object */;
}
